github.com/BurntSushi/toml v0.3.1/go.mod h1:xHWCNGjB5oqiDr8zfno3MHue2Ht5sIBksp03qcyfWMU=
github.com/aws/aws-lambda-go v1.11.1 h1:wuOnhS5aqzPOWns71FO35PtbtBKHr4MYsPVt5qXLSfI=
github.com/aws/aws-lambda-go v1.11.1/go.mod h1:Rr2SMTLeSMKgD45uep9V/NP8tnbCcySgu04cx0k/6cw=
github.com/aws/aws-lambda-go v1.12.0 h1:CgKAMdFIWExd4U6c9DUE+ax8N0fsmkYirqcfmReRCeo=
github.com/aws/aws-lambda-go v1.12.0/go.mod h1:050MeYvnG0NozqUw+ljHH9x0SwxeBnbxHVhcjn9nJFA=
github.com/aws/aws-lambda-go v1.12.1 h1:rMToYOcPFYDixQ7VNNPg78LmiqPgWD5f8zdLL+EsDAk=
github.com/aws/aws-lambda-go v1.12.1/go.mod h1:z4ywteZ5WwbIEzG0tXizIAUlUwkTNNknX4upd5Z5XJM=
github.com/aws/aws-sdk-go v1.20.21 h1:22vHWL9rur+SRTYPHAXlxJMFIA9OSYsYDIAHFDhQ7Z0=
github.com/aws/aws-sdk-go v1.20.21/go.mod h1:KmX6BPdI08NWTb3/sm4ZGu5ShLoqVDhKgpiN924inxo=
github.com/aws/aws-sdk-go v1.21.2/go.mod h1:KmX6BPdI08NWTb3/sm4ZGu5ShLoqVDhKgpiN924inxo=
github.com/aws/aws-sdk-go v1.21.3 h1:Qw/NpqIrCxuZL6sFVvoDlcatEe8woEx1d4gB+tRPsjw=
github.com/aws/aws-sdk-go v1.21.3/go.mod h1:KmX6BPdI08NWTb3/sm4ZGu5ShLoqVDhKgpiN924inxo=
github.com/aws/aws-sdk-go v1.21.6 h1:3GuIm55Uls52aQIDGBnSEZbk073jpasfQyeM5eZU61Q=
github.com/aws/aws-sdk-go v1.21.6/go.mod h1:KmX6BPdI08NWTb3/sm4ZGu5ShLoqVDhKgpiN924inxo=
github.com/aws/aws-sdk-go v1.21.8 h1:Lv6hW2twBhC6mGZAuWtqplEpIIqtVctJg02sE7Qn0Zw=
github.com/aws/aws-sdk-go v1.21.8/go.mod h1:KmX6BPdI08NWTb3/sm4ZGu5ShLoqVDhKgpiN924inxo=
github.com/aws/aws-sdk-go v1.21.9 h1:+HXP97l4IbJvccwwNoweEknroEcX8QLwExcnc+Kxobg=
github.com/aws/aws-sdk-go v1.21.9/go.mod h1:KmX6BPdI08NWTb3/sm4ZGu5ShLoqVDhKgpiN924inxo=
github.com/aws/aws-sdk-go v1.23.0 h1:ilfJN/vJtFo1XDFxB2YMBYGeOvGZl6Qow17oyD4+Z9A=
github.com/aws/aws-sdk-go v1.23.0/go.mod h1:KmX6BPdI08NWTb3/sm4ZGu5ShLoqVDhKgpiN924inxo=
github.com/aws/aws-sdk-go v1.23.3 h1:Ty/4P6tOFJkDnKDrFJWnveznvESblf8QOheD1CwQPDU=
github.com/aws/aws-sdk-go v1.23.3/go.mod h1:KmX6BPdI08NWTb3/sm4ZGu5ShLoqVDhKgpiN924inxo=
github.com/caarlos0/env/v6 v6.0.0 h1:NZt6FAoB8ieKO5lEwRdwCzYxWFx7ZYF2R7UcoyaWtyc=
github.com/caarlos0/env/v6 v6.0.0/go.mod h1:+wdyOmtjoZIW2GJOc2OYa5NoOFuWD/bIpWqm30NgtRk=
github.com/davecgh/go-spew v1.1.0 h1:ZDRjVQ15GmhC3fiQ8ni8+OwkZQO4DARzQgrnXU1Liz8=
github.com/davecgh/go-spew v1.1.0/go.mod h1:J7Y8YcW2NihsgmVo/mv3lAwl/skON4iLHjSsI+c5H38=
github.com/davecgh/go-spew v1.1.1 h1:vj9j/u1bqnvCEfJOwUhtlOARqs3+rkHYY13jYWTU97c=
github.com/davecgh/go-spew v1.1.1/go.mod h1:J7Y8YcW2NihsgmVo/mv3lAwl/skON4iLHjSsI+c5H38=
github.com/forsam-education/loggerformatters v1.0.1 h1:mUwoH7+YCvghA8ph+PZ2sZOaiEAZ1Ml5Z30KLRa7Wck=
github.com/forsam-education/loggerformatters v1.0.1/go.mod h1:mw0fWfUkzc2JCANzMBu2okDwVz0uQi9WnbMAjFcbm0I=
github.com/forsam-education/loggerformatters v1.0.2 h1:m/yog/xAUKpZNzAmkhrjYfvrzMJfdR+Rv/VeoI9xI/c=
github.com/forsam-education/loggerformatters v1.0.2/go.mod h1:mw0fWfUkzc2JCANzMBu2okDwVz0uQi9WnbMAjFcbm0I=
github.com/forsam-education/redriver v0.0.0-20190717215755-2c2c7642a9ca h1:OM60RSijXFLS8UU1iPU2RcL/aAY+sJSjEsD6UpYHRaE=
github.com/forsam-education/redriver v0.0.0-20190717215755-2c2c7642a9ca/go.mod h1:MD4ySB6SnQ6J/Uw+jlYphy/SM2Ifa0nh0GlZ7cQni9w=
github.com/forsam-education/redriver v0.0.0-20190723120629-81519e73a337 h1:Z+b3Uw7k+PPeOGyDVNTdT+lqLPZ2yaE4baRf3zdW4ik=
github.com/forsam-education/redriver v0.0.0-20190723120629-81519e73a337/go.mod h1:JER4sjHIobJhgJPw3KGlQNpRQGJbLG5HL1Yp92JuI+M=
github.com/forsam-education/simplelogger v0.2.1/go.mod h1:c989Hd0KCOKC2pJ4+qCcP2+tcbCQubKxy2LY2yE6Y8w=
github.com/forsam-education/simplelogger v0.2.3 h1:b/mJP+43Qu4XvdADsRbXfo/YUe6Yxl8oJ65RXZA6K6E=
github.com/forsam-education/simplelogger v0.2.3/go.mod h1:c989Hd0KCOKC2pJ4+qCcP2+tcbCQubKxy2LY2yE6Y8w=
github.com/forsam-education/simplelogger v0.2.4 h1:jbTryJhnT9vqG2XdQCozKsbY00/OyCa/0ze4U3nWowE=
github.com/forsam-education/simplelogger v0.2.4/go.mod h1:c989Hd0KCOKC2pJ4+qCcP2+tcbCQubKxy2LY2yE6Y8w=
github.com/google/go-cmp v0.3.0 h1:crn/baboCvb5fXaQ0IJ1SGTsTVrWpDsCWC8EGETZijY=
github.com/google/go-cmp v0.3.0/go.mod h1:8QqcDgzrUqlUb/G2PQTWiueGozuR1884gddMywk6iLU=
github.com/jmespath/go-jmespath v0.0.0-20180206201540-c2b33e8439af h1:pmfjZENx5imkbgOkpRUYLnmbU7UEFbjtDA2hxJ1ichM=
github.com/jmespath/go-jmespath v0.0.0-20180206201540-c2b33e8439af/go.mod h1:Nht3zPeWKUH0NzdCt2Blrr5ys8VGpn0CEB0cQHVjt7k=
github.com/pkg/errors v0.8.1 h1:iURUrRGxPUNPdy5/HRSm+Yj6okJ6UtLINN0Q9M4+h3I=
github.com/pkg/errors v0.8.1/go.mod h1:bwawxfHBFNV+L2hUp1rHADufV3IMtnDRdf1r5NINEl0=
github.com/pmezard/go-difflib v1.0.0 h1:4DBwDE0NGyQoBHbLQYPwSUPoCMWR5BEzIk/f1lZbAQM=
github.com/pmezard/go-difflib v1.0.0/go.mod h1:iKH77koFhYxTK1pcRnkKkqfTogsbg7gZNVY4sRDYZ/4=
github.com/stretchr/objx v0.1.0/go.mod h1:HFkY916IF+rwdDfMAkV7OtwuqBVzrE8GR6GFx+wExME=
github.com/stretchr/objx v0.2.0/go.mod h1:qt09Ya8vawLte6SNmTgCsAVtYtaKzEcn8ATUoHMkEqE=
github.com/stretchr/testify v1.2.1 h1:52QO5WkIUcHGIR7EnGagH88x1bUzqGXTC5/1bDTUQ7U=
github.com/stretchr/testify v1.2.1/go.mod h1:a8OnRcib4nhh0OaRAV+Yts87kKdq0PP7pXfy6kDkUVs=
github.com/stretchr/testify v1.3.0 h1:TivCn/peBQ7UY8ooIcPgZFpTNSz0Q2U6UrFlUfqbe0Q=
github.com/stretchr/testify v1.3.0/go.mod h1:M5WIy9Dh21IEIfnGCwXGc5bZfKNJtfHm1UVUgZn+9EI=
github.com/urfave/cli v1.21.0/go.mod h1:lxDj6qX9Q6lWQxIrbrT0nwecwUtRnhVZAJjJZrVUZZQ=
golang.org/x/crypto v0.0.0-20190308221718-c2843e01d9a2/go.mod h1:djNgcEr1/C05ACkg1iLfiJU5Ep61QUkGW8qpdssI0+w=
golang.org/x/crypto v0.0.0-20190701094942-4def268fd1a4/go.mod h1:yigFU9vqHzYiE8UmvKecakEJjdnWj3jj499lnFckfCI=
golang.org/x/net v0.0.0-20190404232315-eb5bcb51f2a3/go.mod h1:t9HGtf8HONx5eT2rtn7q6eTqICYqUVnKs3thJo3Qplg=
golang.org/x/net v0.0.0-20190620200207-3b0461eec859/go.mod h1:z5CRVTTTmAJ677TzLLGU+0bjPO0LkuOLi4/5GtJWs/s=
golang.org/x/net v0.0.0-20190628185345-da137c7871d7 h1:rTIdg5QFRR7XCaK4LCjBiPbx8j4DQRpdYMnGn/bJUEU=
golang.org/x/net v0.0.0-20190628185345-da137c7871d7/go.mod h1:z5CRVTTTmAJ677TzLLGU+0bjPO0LkuOLi4/5GtJWs/s=
golang.org/x/sync v0.0.0-20190423024810-112230192c58/go.mod h1:RxMgew5VJxzue5/jJTE5uejpjVlOe/izrB70Jof72aM=
golang.org/x/sys v0.0.0-20190215142949-d0b11bdaac8a/go.mod h1:STP8DvDyc/dI5b8T5hshtkjS+E42TnysNCUPdjciGhY=
golang.org/x/sys v0.0.0-20190412213103-97732733099d/go.mod h1:h1NjWce9XRLGQEsW7wpKNCjG9DtNlClVuFLEZdDNbEs=
golang.org/x/sys v0.0.0-20190712062909-fae7ac547cb7/go.mod h1:h1NjWce9XRLGQEsW7wpKNCjG9DtNlClVuFLEZdDNbEs=
golang.org/x/text v0.3.0 h1:g61tztE5qeGQ89tm6NTjjM9VPIm088od1l6aSorWRWg=
golang.org/x/text v0.3.0/go.mod h1:NqM8EUOU14njkJ3fqMW+pc6Ldnwhi/IjpwHt7yyuwOQ=
golang.org/x/text v0.3.2 h1:tW2bmiBqwgJj/UpqtC8EpXEZVYOwU0yG4iWbprSVAcs=
golang.org/x/text v0.3.2/go.mod h1:bEr9sfX3Q8Zfm5fL9x+3itogRgK3+ptLWKqgva+5dAk=
golang.org/x/tools v0.0.0-20180917221912-90fa682c2a6e/go.mod h1:n7NCudcB/nEzxVGmLbDWY5pfWTLqBcC2KZ6jyYvM4mQ=
golang.org/x/tools v0.0.0-20190723021737-8bb11ff117ca/go.mod h1:jcCCGcm9btYwXyDqrUWc6MKQKKGJCWEQ3AfLSRIbEuI=
gopkg.in/alexcesaro/quotedprintable.v3 v3.0.0-20150716171945-2caba252f4dc h1:2gGKlE2+asNV9m7xrywl36YYNnBG5ZQ0r/BOOxqPpmk=
gopkg.in/alexcesaro/quotedprintable.v3 v3.0.0-20150716171945-2caba252f4dc/go.mod h1:m7x9LTH6d71AHyAX77c9yqWCCa3UKHcVEj9y7hAtKDk=
gopkg.in/check.v1 v0.0.0-20161208181325-20d25e280405/go.mod h1:Co6ibVJAznAaIkqp8huTwlJQCZ016jof/cbN4VW5Yz0=
gopkg.in/gomail.v2 v2.0.0-20160411212932-81ebce5c23df h1:n7WqCuqOuCbNr617RXOY0AWRXxgwEyPp2z+p0+hgMuE=
gopkg.in/gomail.v2 v2.0.0-20160411212932-81ebce5c23df/go.mod h1:LRQQ+SO6ZHR7tOkpBDuZnXENFzX8qRjMDMyPD6BRkCw=
gopkg.in/urfave/cli.v1 v1.20.0/go.mod h1:vuBzUtMdQeixQj8LVd+/98pzhxNGQoyuPBlsXHOQNO0=
gopkg.in/yaml.v2 v2.2.2/go.mod h1:hI93XBmqTisBFMUTm0b8Fm+jr3Dg1NNxqwp+5A1VGuI=
gotest.tools v2.2.0+incompatible h1:VsBPFP1AI068pPrMxtb/S8Zkgf9xEmTLJjfM+P5UIEo=
gotest.tools v2.2.0+incompatible/go.mod h1:DsYFclhRJ6vuDpmuTbkuFWG+y2sxOXAzmJt81HFBacw=
